// !$*UTF8*$!
{
	archiveVersion = 1;
	classes = {
	};
	objectVersion = 46;
	objects = {

/* Begin PBXAggregateTarget section */
		F531760B18CB8FCC00F802B9 /* Everything */ = {
			isa = PBXAggregateTarget;
			buildConfigurationList = F531761018CB8FCC00F802B9 /* Build configuration list for PBXAggregateTarget "Everything" */;
			buildPhases = (
			);
			dependencies = (
				F553FAF918DCE5E000CBA532 /* PBXTargetDependency */,
				F5B82BA918CB8FEA007E31E5 /* PBXTargetDependency */,
			);
			name = Everything;
			productName = Everything;
		};
/* End PBXAggregateTarget section */

/* Begin PBXBuildFile section */
		F517FCA918B91CDA0060D575 /* SCProfileManager.m in Sources */ = {isa = PBXBuildFile; fileRef = F517FCA818B91CDA0060D575 /* SCProfileManager.m */; };
		F52714A818DF823400B7E663 /* AddFriend.xib in Resources */ = {isa = PBXBuildFile; fileRef = F52714A118DF823400B7E663 /* AddFriend.xib */; };
		F52714A918DF823400B7E663 /* AVAwayViewExperimental.xib in Resources */ = {isa = PBXBuildFile; fileRef = F52714A218DF823400B7E663 /* AVAwayViewExperimental.xib */; };
		F52714AA18DF823400B7E663 /* ChatPanel.xib in Resources */ = {isa = PBXBuildFile; fileRef = F52714A318DF823400B7E663 /* ChatPanel.xib */; };
		F52714AB18DF823400B7E663 /* FriendsPanel.xib in Resources */ = {isa = PBXBuildFile; fileRef = F52714A418DF823400B7E663 /* FriendsPanel.xib */; };
		F52714AC18DF823400B7E663 /* MainMenu.xib in Resources */ = {isa = PBXBuildFile; fileRef = F52714A518DF823400B7E663 /* MainMenu.xib */; };
		F52714AD18DF823400B7E663 /* NewUser.xib in Resources */ = {isa = PBXBuildFile; fileRef = F52714A618DF823400B7E663 /* NewUser.xib */; };
		F52714AE18DF823400B7E663 /* QRSheet.xib in Resources */ = {isa = PBXBuildFile; fileRef = F52714A718DF823400B7E663 /* QRSheet.xib */; };
		F52714B218DF9DA400B7E663 /* Localizable.strings in Resources */ = {isa = PBXBuildFile; fileRef = F52714B418DF9DA400B7E663 /* Localizable.strings */; };
		F52D013018B7CFB70033680F /* icon_group_ignore.png in Resources */ = {isa = PBXBuildFile; fileRef = F52D011518B7CFB70033680F /* icon_group_ignore.png */; };
		F52D013118B7CFB70033680F /* icon_group_ignore@2x.png in Resources */ = {isa = PBXBuildFile; fileRef = F52D011618B7CFB70033680F /* icon_group_ignore@2x.png */; };
		F52D013218B7CFB70033680F /* icon_group_join.png in Resources */ = {isa = PBXBuildFile; fileRef = F52D011718B7CFB70033680F /* icon_group_join.png */; };
		F52D013318B7CFB70033680F /* icon_group_join@2x.png in Resources */ = {isa = PBXBuildFile; fileRef = F52D011818B7CFB70033680F /* icon_group_join@2x.png */; };
		F52D013418B7CFB70033680F /* icon_info.png in Resources */ = {isa = PBXBuildFile; fileRef = F52D011918B7CFB70033680F /* icon_info.png */; };
		F52D013518B7CFB70033680F /* icon_info@2x.png in Resources */ = {isa = PBXBuildFile; fileRef = F52D011A18B7CFB70033680F /* icon_info@2x.png */; };
		F52D013618B7CFB70033680F /* icon_minus.png in Resources */ = {isa = PBXBuildFile; fileRef = F52D011B18B7CFB70033680F /* icon_minus.png */; };
		F52D013718B7CFB70033680F /* icon_minus@2x.png in Resources */ = {isa = PBXBuildFile; fileRef = F52D011C18B7CFB70033680F /* icon_minus@2x.png */; };
		F52D013818B7CFB70033680F /* icon_plus.png in Resources */ = {isa = PBXBuildFile; fileRef = F52D011D18B7CFB70033680F /* icon_plus.png */; };
		F52D013918B7CFB70033680F /* icon_plus@2x.png in Resources */ = {isa = PBXBuildFile; fileRef = F52D011E18B7CFB70033680F /* icon_plus@2x.png */; };
		F52D013A18B7CFB70033680F /* icon_smiley.png in Resources */ = {isa = PBXBuildFile; fileRef = F52D011F18B7CFB70033680F /* icon_smiley.png */; };
		F52D013B18B7CFB70033680F /* icon-frequests.png in Resources */ = {isa = PBXBuildFile; fileRef = F52D012018B7CFB70033680F /* icon-frequests.png */; };
		F52D013C18B7CFB70033680F /* icon-frequests@2x.png in Resources */ = {isa = PBXBuildFile; fileRef = F52D012118B7CFB70033680F /* icon-frequests@2x.png */; };
		F52D013D18B7CFB70033680F /* status-light-away.png in Resources */ = {isa = PBXBuildFile; fileRef = F52D012218B7CFB70033680F /* status-light-away.png */; };
		F52D013E18B7CFB70033680F /* status-light-away@2x.png in Resources */ = {isa = PBXBuildFile; fileRef = F52D012318B7CFB70033680F /* status-light-away@2x.png */; };
		F52D013F18B7CFB70033680F /* status-light-offline.png in Resources */ = {isa = PBXBuildFile; fileRef = F52D012418B7CFB70033680F /* status-light-offline.png */; };
		F52D014018B7CFB70033680F /* status-light-offline@2x.png in Resources */ = {isa = PBXBuildFile; fileRef = F52D012518B7CFB70033680F /* status-light-offline@2x.png */; };
		F52D014118B7CFB70033680F /* status-light-online.png in Resources */ = {isa = PBXBuildFile; fileRef = F52D012618B7CFB70033680F /* status-light-online.png */; };
		F52D014218B7CFB70033680F /* status-light-online@2x.png in Resources */ = {isa = PBXBuildFile; fileRef = F52D012718B7CFB70033680F /* status-light-online@2x.png */; };
		F52D014318B7CFB70033680F /* tox_logo.png in Resources */ = {isa = PBXBuildFile; fileRef = F52D012818B7CFB70033680F /* tox_logo.png */; };
		F52D014418B7CFB70033680F /* tox_logo@2x.png in Resources */ = {isa = PBXBuildFile; fileRef = F52D012918B7CFB70033680F /* tox_logo@2x.png */; };
		F52D014918B7CFB70033680F /* user-icon-default.png in Resources */ = {isa = PBXBuildFile; fileRef = F52D012E18B7CFB70033680F /* user-icon-default.png */; };
		F52D014A18B7CFB70033680F /* user-icon-default@2x.png in Resources */ = {isa = PBXBuildFile; fileRef = F52D012F18B7CFB70033680F /* user-icon-default@2x.png */; };
		F52D014E18B7D44F0033680F /* SCBigGreenButton.m in Sources */ = {isa = PBXBuildFile; fileRef = F52D014D18B7D44F0033680F /* SCBigGreenButton.m */; };
		F538754218C25DB500AED945 /* SCNewUserWindowController.m in Sources */ = {isa = PBXBuildFile; fileRef = F538754118C25DB500AED945 /* SCNewUserWindowController.m */; };
		F538754518C2656000AED945 /* SCWidgetedWindow.m in Sources */ = {isa = PBXBuildFile; fileRef = F538754418C2656000AED945 /* SCWidgetedWindow.m */; };
		F538754E18C28B4000AED945 /* titlebar_incoming_files.png in Resources */ = {isa = PBXBuildFile; fileRef = F538754A18C28B4000AED945 /* titlebar_incoming_files.png */; };
		F538754F18C28B4000AED945 /* titlebar_incoming_files@2x.png in Resources */ = {isa = PBXBuildFile; fileRef = F538754B18C28B4000AED945 /* titlebar_incoming_files@2x.png */; };
		F53DB89918B6DD37008D7ED5 /* NSWindow+Shake.m in Sources */ = {isa = PBXBuildFile; fileRef = F53DB89018B6DD37008D7ED5 /* NSWindow+Shake.m */; };
		F53DB89A18B6DD37008D7ED5 /* SCGradientView.m in Sources */ = {isa = PBXBuildFile; fileRef = F53DB89218B6DD37008D7ED5 /* SCGradientView.m */; };
		F53DB89C18B6DD37008D7ED5 /* SCShadowedView.m in Sources */ = {isa = PBXBuildFile; fileRef = F53DB89618B6DD37008D7ED5 /* SCShadowedView.m */; };
		F53DB8A118B6DDDE008D7ED5 /* SCBuddyListController.m in Sources */ = {isa = PBXBuildFile; fileRef = F53DB8A018B6DDDE008D7ED5 /* SCBuddyListController.m */; };
		F53DB8A318B6DE74008D7ED5 /* QuartzCore.framework in Frameworks */ = {isa = PBXBuildFile; fileRef = F53DB8A218B6DE74008D7ED5 /* QuartzCore.framework */; };
		F54180FD18C3C0E000AB220E /* SCBuddyListWindowController.m in Sources */ = {isa = PBXBuildFile; fileRef = F54180FC18C3C0E000AB220E /* SCBuddyListWindowController.m */; };
		F541810018C3D4E600AB220E /* libObjectiveTox.a in Frameworks */ = {isa = PBXBuildFile; fileRef = F50F9C1218C3AB3600D06A0F /* libObjectiveTox.a */; };
		F541810418C3E5F300AB220E /* WebKit.framework in Frameworks */ = {isa = PBXBuildFile; fileRef = F541810318C3E5F300AB220E /* WebKit.framework */; };
		F541810718C3F4DE00AB220E /* SCUnifiedWindowController.m in Sources */ = {isa = PBXBuildFile; fileRef = F541810618C3F4DE00AB220E /* SCUnifiedWindowController.m */; };
		F541810A18C3FABD00AB220E /* SCNonGarbageSplitView.m in Sources */ = {isa = PBXBuildFile; fileRef = F541810918C3FABD00AB220E /* SCNonGarbageSplitView.m */; };
		F541810E18C3FEF500AB220E /* SCChatViewController.m in Sources */ = {isa = PBXBuildFile; fileRef = F541810D18C3FEF500AB220E /* SCChatViewController.m */; };
		F541811518C412EC00AB220E /* SCThemeManager.m in Sources */ = {isa = PBXBuildFile; fileRef = F541811418C412EC00AB220E /* SCThemeManager.m */; };
		F541811718C4138100AB220E /* Default.psnChatStyle in Resources */ = {isa = PBXBuildFile; fileRef = F541811618C4138100AB220E /* Default.psnChatStyle */; };
		F541811918C413E700AB220E /* Default.psnChatStyle in CopyFiles */ = {isa = PBXBuildFile; fileRef = F541811618C4138100AB220E /* Default.psnChatStyle */; };
		F541811E18C425B400AB220E /* SCFillingView.m in Sources */ = {isa = PBXBuildFile; fileRef = F541811D18C425B400AB220E /* SCFillingView.m */; };
		F543BE3018E116D3004C70D3 /* NSURL+Parameters.m in Sources */ = {isa = PBXBuildFile; fileRef = F543BE2F18E116D3004C70D3 /* NSURL+Parameters.m */; };
		F543BE3418E126CC004C70D3 /* NSString+CanonicalID.m in Sources */ = {isa = PBXBuildFile; fileRef = F543BE3318E126CC004C70D3 /* NSString+CanonicalID.m */; };
		F543BE3718E12994004C70D3 /* SCMainWindowController.m in Sources */ = {isa = PBXBuildFile; fileRef = F543BE3618E12994004C70D3 /* SCMainWindowController.m */; };
		F55857A618D649820053DD52 /* libqrencode.a in Frameworks */ = {isa = PBXBuildFile; fileRef = F55857A518D649820053DD52 /* libqrencode.a */; };
		F567A4E018C5530300E04F3A /* SCDraggingView.m in Sources */ = {isa = PBXBuildFile; fileRef = F567A4DF18C5530300E04F3A /* SCDraggingView.m */; };
		F56956CC18E884AE00E1EB0D /* avatar_mask@2x.png in Resources */ = {isa = PBXBuildFile; fileRef = F56956CA18E884AE00E1EB0D /* avatar_mask@2x.png */; };
		F56956CD18E884AE00E1EB0D /* avatar_mask.png in Resources */ = {isa = PBXBuildFile; fileRef = F56956CB18E884AE00E1EB0D /* avatar_mask.png */; };
		F56956D618E88C4700E1EB0D /* SCBuddyListCells.m in Sources */ = {isa = PBXBuildFile; fileRef = F56956D518E88C4700E1EB0D /* SCBuddyListCells.m */; };
		F56956D918E88EE700E1EB0D /* Quartz.framework in Frameworks */ = {isa = PBXBuildFile; fileRef = F56956D818E88EE700E1EB0D /* Quartz.framework */; };
		F56B873818EE42E1008B5829 /* SCBase64.m in Sources */ = {isa = PBXBuildFile; fileRef = F56B873718EE42E1008B5829 /* SCBase64.m */; };
		F58EE9A918C57A760033F2D4 /* DefaultDefaults.plist in Resources */ = {isa = PBXBuildFile; fileRef = F58EE9A818C57A760033F2D4 /* DefaultDefaults.plist */; };
		F58EE9AD18C595530033F2D4 /* SCChatView.m in Sources */ = {isa = PBXBuildFile; fileRef = F58EE9AC18C595530033F2D4 /* SCChatView.m */; };
		F59C0F4418D3E6F300BB437C /* SCResourceBundle.m in Sources */ = {isa = PBXBuildFile; fileRef = F59C0F4318D3E6F300BB437C /* SCResourceBundle.m */; };
		F5A2978218D4CB3600595FDF /* Security.framework in Frameworks */ = {isa = PBXBuildFile; fileRef = F5A2978118D4CB3600595FDF /* Security.framework */; };
		F5A2978A18D51CAA00595FDF /* SCAddFriendSheetController.m in Sources */ = {isa = PBXBuildFile; fileRef = F5A2978918D51CAA00595FDF /* SCAddFriendSheetController.m */; };
		F5B5421F18B6D23C00226CA8 /* Cocoa.framework in Frameworks */ = {isa = PBXBuildFile; fileRef = F5B5421E18B6D23C00226CA8 /* Cocoa.framework */; };
		F5B5422B18B6D23C00226CA8 /* main.m in Sources */ = {isa = PBXBuildFile; fileRef = F5B5422A18B6D23C00226CA8 /* main.m */; };
		F5B5423218B6D23C00226CA8 /* SCAppDelegate.m in Sources */ = {isa = PBXBuildFile; fileRef = F5B5423118B6D23C00226CA8 /* SCAppDelegate.m */; };
		F5CC709C18C2BA1600C41EBF /* friends.rtf in Resources */ = {isa = PBXBuildFile; fileRef = F5CC709B18C2BA1600C41EBF /* friends.rtf */; };
		F5D1223518F076910075BD10 /* SCSelectiveMenuTableView.m in Sources */ = {isa = PBXBuildFile; fileRef = F5D1223418F076910075BD10 /* SCSelectiveMenuTableView.m */; };
		F5DAB46718C962E90046ED96 /* qr-placeholder.png in Resources */ = {isa = PBXBuildFile; fileRef = F5DAB46618C962E90046ED96 /* qr-placeholder.png */; };
		F5DAB46A18C970A50046ED96 /* SCQRCodeSheetController.m in Sources */ = {isa = PBXBuildFile; fileRef = F5DAB46918C970A50046ED96 /* SCQRCodeSheetController.m */; };
		F5E84CDF18DE2C8F00B93FE7 /* SCMenuStatusView.m in Sources */ = {isa = PBXBuildFile; fileRef = F5E84CDE18DE2C8F00B93FE7 /* SCMenuStatusView.m */; };
		F5F41C7718F1BC61009CD9D6 /* SCEditingField.m in Sources */ = {isa = PBXBuildFile; fileRef = F5F41C7618F1BC61009CD9D6 /* SCEditingField.m */; };
		F5F6D5F218DE5AB200A14557 /* status-light-missing.png in Resources */ = {isa = PBXBuildFile; fileRef = F5F6D5F018DE5AB200A14557 /* status-light-missing.png */; };
		F5F6D5F318DE5AB200A14557 /* status-light-missing@2x.png in Resources */ = {isa = PBXBuildFile; fileRef = F5F6D5F118DE5AB200A14557 /* status-light-missing@2x.png */; };
		F5F8AA0718F21887000C57EB /* SCBuddyListManager.m in Sources */ = {isa = PBXBuildFile; fileRef = F5F8AA0618F21887000C57EB /* SCBuddyListManager.m */; };
		F5F8AA0D18F21F49000C57EB /* DESConversation+Poison_CustomName.m in Sources */ = {isa = PBXBuildFile; fileRef = F5F8AA0C18F21F49000C57EB /* DESConversation+Poison_CustomName.m */; };
		F5FFF46118B81F4E00CD1E43 /* Poison.iconset in Resources */ = {isa = PBXBuildFile; fileRef = F5FFF46018B81F4E00CD1E43 /* Poison.iconset */; };
		F5FFF46518B8283300CD1E43 /* oi.png in Resources */ = {isa = PBXBuildFile; fileRef = F5FFF46318B8283300CD1E43 /* oi.png */; };
		F5FFF46618B8283300CD1E43 /* oi@2x.png in Resources */ = {isa = PBXBuildFile; fileRef = F5FFF46418B8283300CD1E43 /* oi@2x.png */; };
/* End PBXBuildFile section */

/* Begin PBXContainerItemProxy section */
		F50F9C1118C3AB3600D06A0F /* PBXContainerItemProxy */ = {
			isa = PBXContainerItemProxy;
			containerPortal = F50F9C0D18C3AB3600D06A0F /* ObjectiveTox.xcodeproj */;
			proxyType = 2;
			remoteGlobalIDString = F50F9C0618C3AAD800D06A0F;
			remoteInfo = ObjectiveTox;
		};
		F553FAF818DCE5E000CBA532 /* PBXContainerItemProxy */ = {
			isa = PBXContainerItemProxy;
			containerPortal = F50F9C0D18C3AB3600D06A0F /* ObjectiveTox.xcodeproj */;
			proxyType = 1;
			remoteGlobalIDString = F553FAF018DCE5D000CBA532;
			remoteInfo = Everything;
		};
		F56956D018E884AE00E1EB0D /* PBXContainerItemProxy */ = {
			isa = PBXContainerItemProxy;
			containerPortal = F50F9C0D18C3AB3600D06A0F /* ObjectiveTox.xcodeproj */;
			proxyType = 2;
			remoteGlobalIDString = F5BA233918E74C1900C85A49;
			remoteInfo = mio;
		};
		F56B873C18EE42E2008B5829 /* PBXContainerItemProxy */ = {
			isa = PBXContainerItemProxy;
			containerPortal = F50F9C0D18C3AB3600D06A0F /* ObjectiveTox.xcodeproj */;
			proxyType = 2;
			remoteGlobalIDString = F52113DB18EA37FE00EB1B99;
			remoteInfo = toxlookup;
		};
		F5A2977F18D4CB2A00595FDF /* PBXContainerItemProxy */ = {
			isa = PBXContainerItemProxy;
			containerPortal = F50F9C0D18C3AB3600D06A0F /* ObjectiveTox.xcodeproj */;
			proxyType = 1;
			remoteGlobalIDString = F50F9C0518C3AAD800D06A0F;
			remoteInfo = ObjectiveTox;
		};
		F5B82BA818CB8FEA007E31E5 /* PBXContainerItemProxy */ = {
			isa = PBXContainerItemProxy;
			containerPortal = F5B5421318B6D23C00226CA8 /* Project object */;
			proxyType = 1;
			remoteGlobalIDString = F5B5421A18B6D23C00226CA8;
			remoteInfo = Poison;
		};
		F5DAB46018C95A280046ED96 /* PBXContainerItemProxy */ = {
			isa = PBXContainerItemProxy;
			containerPortal = F50F9C0D18C3AB3600D06A0F /* ObjectiveTox.xcodeproj */;
			proxyType = 2;
			remoteGlobalIDString = F554115918C8187700CBB9E3;
			remoteInfo = DESObserver;
		};
/* End PBXContainerItemProxy section */

/* Begin PBXCopyFilesBuildPhase section */
		F541811818C4139200AB220E /* CopyFiles */ = {
			isa = PBXCopyFilesBuildPhase;
			buildActionMask = 2147483647;
			dstPath = Themes;
			dstSubfolderSpec = 7;
			files = (
				F541811918C413E700AB220E /* Default.psnChatStyle in CopyFiles */,
			);
			runOnlyForDeploymentPostprocessing = 0;
		};
/* End PBXCopyFilesBuildPhase section */

/* Begin PBXFileReference section */
		F50F9C0D18C3AB3600D06A0F /* ObjectiveTox.xcodeproj */ = {isa = PBXFileReference; lastKnownFileType = "wrapper.pb-project"; path = ObjectiveTox.xcodeproj; sourceTree = "<group>"; };
		F517FCA718B91CDA0060D575 /* SCProfileManager.h */ = {isa = PBXFileReference; fileEncoding = 4; lastKnownFileType = sourcecode.c.h; path = SCProfileManager.h; sourceTree = "<group>"; };
		F517FCA818B91CDA0060D575 /* SCProfileManager.m */ = {isa = PBXFileReference; fileEncoding = 4; lastKnownFileType = sourcecode.c.objc; path = SCProfileManager.m; sourceTree = "<group>"; };
		F52714A118DF823400B7E663 /* AddFriend.xib */ = {isa = PBXFileReference; fileEncoding = 4; lastKnownFileType = file.xib; path = AddFriend.xib; sourceTree = "<group>"; };
		F52714A218DF823400B7E663 /* AVAwayViewExperimental.xib */ = {isa = PBXFileReference; fileEncoding = 4; lastKnownFileType = file.xib; path = AVAwayViewExperimental.xib; sourceTree = "<group>"; };
		F52714A318DF823400B7E663 /* ChatPanel.xib */ = {isa = PBXFileReference; fileEncoding = 4; lastKnownFileType = file.xib; path = ChatPanel.xib; sourceTree = "<group>"; };
		F52714A418DF823400B7E663 /* FriendsPanel.xib */ = {isa = PBXFileReference; fileEncoding = 4; lastKnownFileType = file.xib; path = FriendsPanel.xib; sourceTree = "<group>"; };
		F52714A518DF823400B7E663 /* MainMenu.xib */ = {isa = PBXFileReference; fileEncoding = 4; lastKnownFileType = file.xib; path = MainMenu.xib; sourceTree = "<group>"; };
		F52714A618DF823400B7E663 /* NewUser.xib */ = {isa = PBXFileReference; fileEncoding = 4; lastKnownFileType = file.xib; path = NewUser.xib; sourceTree = "<group>"; };
		F52714A718DF823400B7E663 /* QRSheet.xib */ = {isa = PBXFileReference; fileEncoding = 4; lastKnownFileType = file.xib; path = QRSheet.xib; sourceTree = "<group>"; };
		F52714B318DF9DA400B7E663 /* en */ = {isa = PBXFileReference; fileEncoding = 10; lastKnownFileType = text.plist.strings; name = en; path = en.lproj/Localizable.strings; sourceTree = "<group>"; };
		F52D011518B7CFB70033680F /* icon_group_ignore.png */ = {isa = PBXFileReference; lastKnownFileType = image.png; path = icon_group_ignore.png; sourceTree = "<group>"; };
		F52D011618B7CFB70033680F /* icon_group_ignore@2x.png */ = {isa = PBXFileReference; lastKnownFileType = image.png; path = "icon_group_ignore@2x.png"; sourceTree = "<group>"; };
		F52D011718B7CFB70033680F /* icon_group_join.png */ = {isa = PBXFileReference; lastKnownFileType = image.png; path = icon_group_join.png; sourceTree = "<group>"; };
		F52D011818B7CFB70033680F /* icon_group_join@2x.png */ = {isa = PBXFileReference; lastKnownFileType = image.png; path = "icon_group_join@2x.png"; sourceTree = "<group>"; };
		F52D011918B7CFB70033680F /* icon_info.png */ = {isa = PBXFileReference; lastKnownFileType = image.png; path = icon_info.png; sourceTree = "<group>"; };
		F52D011A18B7CFB70033680F /* icon_info@2x.png */ = {isa = PBXFileReference; lastKnownFileType = image.png; path = "icon_info@2x.png"; sourceTree = "<group>"; };
		F52D011B18B7CFB70033680F /* icon_minus.png */ = {isa = PBXFileReference; lastKnownFileType = image.png; path = icon_minus.png; sourceTree = "<group>"; };
		F52D011C18B7CFB70033680F /* icon_minus@2x.png */ = {isa = PBXFileReference; lastKnownFileType = image.png; path = "icon_minus@2x.png"; sourceTree = "<group>"; };
		F52D011D18B7CFB70033680F /* icon_plus.png */ = {isa = PBXFileReference; lastKnownFileType = image.png; path = icon_plus.png; sourceTree = "<group>"; };
		F52D011E18B7CFB70033680F /* icon_plus@2x.png */ = {isa = PBXFileReference; lastKnownFileType = image.png; path = "icon_plus@2x.png"; sourceTree = "<group>"; };
		F52D011F18B7CFB70033680F /* icon_smiley.png */ = {isa = PBXFileReference; lastKnownFileType = image.png; path = icon_smiley.png; sourceTree = "<group>"; };
		F52D012018B7CFB70033680F /* icon-frequests.png */ = {isa = PBXFileReference; lastKnownFileType = image.png; path = "icon-frequests.png"; sourceTree = "<group>"; };
		F52D012118B7CFB70033680F /* icon-frequests@2x.png */ = {isa = PBXFileReference; lastKnownFileType = image.png; path = "icon-frequests@2x.png"; sourceTree = "<group>"; };
		F52D012218B7CFB70033680F /* status-light-away.png */ = {isa = PBXFileReference; lastKnownFileType = image.png; path = "status-light-away.png"; sourceTree = "<group>"; };
		F52D012318B7CFB70033680F /* status-light-away@2x.png */ = {isa = PBXFileReference; lastKnownFileType = image.png; path = "status-light-away@2x.png"; sourceTree = "<group>"; };
		F52D012418B7CFB70033680F /* status-light-offline.png */ = {isa = PBXFileReference; lastKnownFileType = image.png; path = "status-light-offline.png"; sourceTree = "<group>"; };
		F52D012518B7CFB70033680F /* status-light-offline@2x.png */ = {isa = PBXFileReference; lastKnownFileType = image.png; path = "status-light-offline@2x.png"; sourceTree = "<group>"; };
		F52D012618B7CFB70033680F /* status-light-online.png */ = {isa = PBXFileReference; lastKnownFileType = image.png; path = "status-light-online.png"; sourceTree = "<group>"; };
		F52D012718B7CFB70033680F /* status-light-online@2x.png */ = {isa = PBXFileReference; lastKnownFileType = image.png; path = "status-light-online@2x.png"; sourceTree = "<group>"; };
		F52D012818B7CFB70033680F /* tox_logo.png */ = {isa = PBXFileReference; lastKnownFileType = image.png; path = tox_logo.png; sourceTree = "<group>"; };
		F52D012918B7CFB70033680F /* tox_logo@2x.png */ = {isa = PBXFileReference; lastKnownFileType = image.png; path = "tox_logo@2x.png"; sourceTree = "<group>"; };
		F52D012E18B7CFB70033680F /* user-icon-default.png */ = {isa = PBXFileReference; lastKnownFileType = image.png; path = "user-icon-default.png"; sourceTree = "<group>"; };
		F52D012F18B7CFB70033680F /* user-icon-default@2x.png */ = {isa = PBXFileReference; lastKnownFileType = image.png; path = "user-icon-default@2x.png"; sourceTree = "<group>"; };
		F52D014C18B7D44F0033680F /* SCBigGreenButton.h */ = {isa = PBXFileReference; fileEncoding = 4; lastKnownFileType = sourcecode.c.h; path = SCBigGreenButton.h; sourceTree = "<group>"; };
		F52D014D18B7D44F0033680F /* SCBigGreenButton.m */ = {isa = PBXFileReference; fileEncoding = 4; lastKnownFileType = sourcecode.c.objc; path = SCBigGreenButton.m; sourceTree = "<group>"; };
		F52D7DB818B932A400639182 /* OpenAL.framework */ = {isa = PBXFileReference; lastKnownFileType = wrapper.framework; name = OpenAL.framework; path = System/Library/Frameworks/OpenAL.framework; sourceTree = SDKROOT; };
		F538754018C25DB500AED945 /* SCNewUserWindowController.h */ = {isa = PBXFileReference; fileEncoding = 4; lastKnownFileType = sourcecode.c.h; path = SCNewUserWindowController.h; sourceTree = "<group>"; };
		F538754118C25DB500AED945 /* SCNewUserWindowController.m */ = {isa = PBXFileReference; fileEncoding = 4; lastKnownFileType = sourcecode.c.objc; path = SCNewUserWindowController.m; sourceTree = "<group>"; };
		F538754318C2656000AED945 /* SCWidgetedWindow.h */ = {isa = PBXFileReference; fileEncoding = 4; lastKnownFileType = sourcecode.c.h; path = SCWidgetedWindow.h; sourceTree = "<group>"; };
		F538754418C2656000AED945 /* SCWidgetedWindow.m */ = {isa = PBXFileReference; fileEncoding = 4; lastKnownFileType = sourcecode.c.objc; path = SCWidgetedWindow.m; sourceTree = "<group>"; };
		F538754A18C28B4000AED945 /* titlebar_incoming_files.png */ = {isa = PBXFileReference; lastKnownFileType = image.png; path = titlebar_incoming_files.png; sourceTree = "<group>"; };
		F538754B18C28B4000AED945 /* titlebar_incoming_files@2x.png */ = {isa = PBXFileReference; lastKnownFileType = image.png; path = "titlebar_incoming_files@2x.png"; sourceTree = "<group>"; };
		F53DB88F18B6DD37008D7ED5 /* NSWindow+Shake.h */ = {isa = PBXFileReference; fileEncoding = 4; lastKnownFileType = sourcecode.c.h; path = "NSWindow+Shake.h"; sourceTree = "<group>"; };
		F53DB89018B6DD37008D7ED5 /* NSWindow+Shake.m */ = {isa = PBXFileReference; fileEncoding = 4; lastKnownFileType = sourcecode.c.objc; path = "NSWindow+Shake.m"; sourceTree = "<group>"; };
		F53DB89118B6DD37008D7ED5 /* SCGradientView.h */ = {isa = PBXFileReference; fileEncoding = 4; lastKnownFileType = sourcecode.c.h; path = SCGradientView.h; sourceTree = "<group>"; };
		F53DB89218B6DD37008D7ED5 /* SCGradientView.m */ = {isa = PBXFileReference; fileEncoding = 4; lastKnownFileType = sourcecode.c.objc; path = SCGradientView.m; sourceTree = "<group>"; };
		F53DB89518B6DD37008D7ED5 /* SCShadowedView.h */ = {isa = PBXFileReference; fileEncoding = 4; lastKnownFileType = sourcecode.c.h; path = SCShadowedView.h; sourceTree = "<group>"; };
		F53DB89618B6DD37008D7ED5 /* SCShadowedView.m */ = {isa = PBXFileReference; fileEncoding = 4; lastKnownFileType = sourcecode.c.objc; path = SCShadowedView.m; sourceTree = "<group>"; };
		F53DB89F18B6DDDE008D7ED5 /* SCBuddyListController.h */ = {isa = PBXFileReference; fileEncoding = 4; lastKnownFileType = sourcecode.c.h; path = SCBuddyListController.h; sourceTree = "<group>"; };
		F53DB8A018B6DDDE008D7ED5 /* SCBuddyListController.m */ = {isa = PBXFileReference; fileEncoding = 4; lastKnownFileType = sourcecode.c.objc; path = SCBuddyListController.m; sourceTree = "<group>"; };
		F53DB8A218B6DE74008D7ED5 /* QuartzCore.framework */ = {isa = PBXFileReference; lastKnownFileType = wrapper.framework; name = QuartzCore.framework; path = System/Library/Frameworks/QuartzCore.framework; sourceTree = SDKROOT; };
		F54180FB18C3C0E000AB220E /* SCBuddyListWindowController.h */ = {isa = PBXFileReference; fileEncoding = 4; lastKnownFileType = sourcecode.c.h; path = SCBuddyListWindowController.h; sourceTree = "<group>"; };
		F54180FC18C3C0E000AB220E /* SCBuddyListWindowController.m */ = {isa = PBXFileReference; fileEncoding = 4; lastKnownFileType = sourcecode.c.objc; path = SCBuddyListWindowController.m; sourceTree = "<group>"; };
		F54180FE18C3C1C500AB220E /* SCMainWindowing.h */ = {isa = PBXFileReference; lastKnownFileType = sourcecode.c.h; path = SCMainWindowing.h; sourceTree = "<group>"; };
		F54180FF18C3CF3300AB220E /* CGGeometryExtreme.h */ = {isa = PBXFileReference; lastKnownFileType = sourcecode.c.h; path = CGGeometryExtreme.h; sourceTree = "<group>"; };
		F541810318C3E5F300AB220E /* WebKit.framework */ = {isa = PBXFileReference; lastKnownFileType = wrapper.framework; name = WebKit.framework; path = System/Library/Frameworks/WebKit.framework; sourceTree = SDKROOT; };
		F541810518C3F4DE00AB220E /* SCUnifiedWindowController.h */ = {isa = PBXFileReference; fileEncoding = 4; lastKnownFileType = sourcecode.c.h; path = SCUnifiedWindowController.h; sourceTree = "<group>"; };
		F541810618C3F4DE00AB220E /* SCUnifiedWindowController.m */ = {isa = PBXFileReference; fileEncoding = 4; lastKnownFileType = sourcecode.c.objc; path = SCUnifiedWindowController.m; sourceTree = "<group>"; };
		F541810818C3FABD00AB220E /* SCNonGarbageSplitView.h */ = {isa = PBXFileReference; fileEncoding = 4; lastKnownFileType = sourcecode.c.h; path = SCNonGarbageSplitView.h; sourceTree = "<group>"; };
		F541810918C3FABD00AB220E /* SCNonGarbageSplitView.m */ = {isa = PBXFileReference; fileEncoding = 4; lastKnownFileType = sourcecode.c.objc; path = SCNonGarbageSplitView.m; sourceTree = "<group>"; };
		F541810C18C3FEF500AB220E /* SCChatViewController.h */ = {isa = PBXFileReference; fileEncoding = 4; lastKnownFileType = sourcecode.c.h; path = SCChatViewController.h; sourceTree = "<group>"; };
		F541810D18C3FEF500AB220E /* SCChatViewController.m */ = {isa = PBXFileReference; fileEncoding = 4; lastKnownFileType = sourcecode.c.objc; path = SCChatViewController.m; sourceTree = "<group>"; };
		F541811318C412EC00AB220E /* SCThemeManager.h */ = {isa = PBXFileReference; fileEncoding = 4; lastKnownFileType = sourcecode.c.h; path = SCThemeManager.h; sourceTree = "<group>"; };
		F541811418C412EC00AB220E /* SCThemeManager.m */ = {isa = PBXFileReference; fileEncoding = 4; lastKnownFileType = sourcecode.c.objc; path = SCThemeManager.m; sourceTree = "<group>"; };
		F541811618C4138100AB220E /* Default.psnChatStyle */ = {isa = PBXFileReference; lastKnownFileType = wrapper; path = Default.psnChatStyle; sourceTree = "<group>"; };
		F541811C18C425B400AB220E /* SCFillingView.h */ = {isa = PBXFileReference; fileEncoding = 4; lastKnownFileType = sourcecode.c.h; path = SCFillingView.h; sourceTree = "<group>"; };
		F541811D18C425B400AB220E /* SCFillingView.m */ = {isa = PBXFileReference; fileEncoding = 4; lastKnownFileType = sourcecode.c.objc; path = SCFillingView.m; sourceTree = "<group>"; };
		F543BE2E18E116D3004C70D3 /* NSURL+Parameters.h */ = {isa = PBXFileReference; fileEncoding = 4; lastKnownFileType = sourcecode.c.h; path = "NSURL+Parameters.h"; sourceTree = "<group>"; };
		F543BE2F18E116D3004C70D3 /* NSURL+Parameters.m */ = {isa = PBXFileReference; fileEncoding = 4; lastKnownFileType = sourcecode.c.objc; path = "NSURL+Parameters.m"; sourceTree = "<group>"; };
		F543BE3218E126CC004C70D3 /* NSString+CanonicalID.h */ = {isa = PBXFileReference; fileEncoding = 4; lastKnownFileType = sourcecode.c.h; path = "NSString+CanonicalID.h"; sourceTree = "<group>"; };
		F543BE3318E126CC004C70D3 /* NSString+CanonicalID.m */ = {isa = PBXFileReference; fileEncoding = 4; lastKnownFileType = sourcecode.c.objc; path = "NSString+CanonicalID.m"; sourceTree = "<group>"; };
		F543BE3518E12994004C70D3 /* SCMainWindowController.h */ = {isa = PBXFileReference; fileEncoding = 4; lastKnownFileType = sourcecode.c.h; path = SCMainWindowController.h; sourceTree = "<group>"; };
		F543BE3618E12994004C70D3 /* SCMainWindowController.m */ = {isa = PBXFileReference; fileEncoding = 4; lastKnownFileType = sourcecode.c.objc; path = SCMainWindowController.m; sourceTree = "<group>"; };
		F55857A518D649820053DD52 /* libqrencode.a */ = {isa = PBXFileReference; lastKnownFileType = archive.ar; name = libqrencode.a; path = _support/lib/libqrencode.a; sourceTree = "<group>"; };
		F567A4DE18C5530300E04F3A /* SCDraggingView.h */ = {isa = PBXFileReference; fileEncoding = 4; lastKnownFileType = sourcecode.c.h; path = SCDraggingView.h; sourceTree = "<group>"; };
		F567A4DF18C5530300E04F3A /* SCDraggingView.m */ = {isa = PBXFileReference; fileEncoding = 4; lastKnownFileType = sourcecode.c.objc; path = SCDraggingView.m; sourceTree = "<group>"; };
		F567A4E218C5745C00E04F3A /* to-do */ = {isa = PBXFileReference; fileEncoding = 4; lastKnownFileType = text; path = "to-do"; sourceTree = "<group>"; };
		F56956CA18E884AE00E1EB0D /* avatar_mask@2x.png */ = {isa = PBXFileReference; lastKnownFileType = image.png; path = "avatar_mask@2x.png"; sourceTree = "<group>"; };
		F56956CB18E884AE00E1EB0D /* avatar_mask.png */ = {isa = PBXFileReference; lastKnownFileType = image.png; path = avatar_mask.png; sourceTree = "<group>"; };
		F56956D418E88C4700E1EB0D /* SCBuddyListCells.h */ = {isa = PBXFileReference; fileEncoding = 4; lastKnownFileType = sourcecode.c.h; path = SCBuddyListCells.h; sourceTree = "<group>"; };
		F56956D518E88C4700E1EB0D /* SCBuddyListCells.m */ = {isa = PBXFileReference; fileEncoding = 4; lastKnownFileType = sourcecode.c.objc; path = SCBuddyListCells.m; sourceTree = "<group>"; };
		F56956D718E88CBB00E1EB0D /* SCBuddyListShared.h */ = {isa = PBXFileReference; lastKnownFileType = sourcecode.c.h; path = SCBuddyListShared.h; sourceTree = "<group>"; };
		F56956D818E88EE700E1EB0D /* Quartz.framework */ = {isa = PBXFileReference; lastKnownFileType = wrapper.framework; name = Quartz.framework; path = System/Library/Frameworks/Quartz.framework; sourceTree = SDKROOT; };
		F56B873618EE42E1008B5829 /* SCBase64.h */ = {isa = PBXFileReference; fileEncoding = 4; lastKnownFileType = sourcecode.c.h; path = SCBase64.h; sourceTree = "<group>"; };
		F56B873718EE42E1008B5829 /* SCBase64.m */ = {isa = PBXFileReference; fileEncoding = 4; lastKnownFileType = sourcecode.c.objc; path = SCBase64.m; sourceTree = "<group>"; };
		F56B873E18EE692A008B5829 /* SCValidationHelpers.h */ = {isa = PBXFileReference; lastKnownFileType = sourcecode.c.h; path = SCValidationHelpers.h; sourceTree = "<group>"; };
		F58EE9A818C57A760033F2D4 /* DefaultDefaults.plist */ = {isa = PBXFileReference; fileEncoding = 4; lastKnownFileType = text.plist.xml; path = DefaultDefaults.plist; sourceTree = "<group>"; };
		F58EE9AB18C595530033F2D4 /* SCChatView.h */ = {isa = PBXFileReference; fileEncoding = 4; lastKnownFileType = sourcecode.c.h; path = SCChatView.h; sourceTree = "<group>"; };
		F58EE9AC18C595530033F2D4 /* SCChatView.m */ = {isa = PBXFileReference; fileEncoding = 4; lastKnownFileType = sourcecode.c.objc; path = SCChatView.m; sourceTree = "<group>"; };
		F59C0F4218D3E6F300BB437C /* SCResourceBundle.h */ = {isa = PBXFileReference; fileEncoding = 4; lastKnownFileType = sourcecode.c.h; path = SCResourceBundle.h; sourceTree = "<group>"; };
		F59C0F4318D3E6F300BB437C /* SCResourceBundle.m */ = {isa = PBXFileReference; fileEncoding = 4; lastKnownFileType = sourcecode.c.objc; path = SCResourceBundle.m; sourceTree = "<group>"; };
		F5A2978118D4CB3600595FDF /* Security.framework */ = {isa = PBXFileReference; lastKnownFileType = wrapper.framework; name = Security.framework; path = System/Library/Frameworks/Security.framework; sourceTree = SDKROOT; };
		F5A2978818D51CAA00595FDF /* SCAddFriendSheetController.h */ = {isa = PBXFileReference; fileEncoding = 4; lastKnownFileType = sourcecode.c.h; path = SCAddFriendSheetController.h; sourceTree = "<group>"; };
		F5A2978918D51CAA00595FDF /* SCAddFriendSheetController.m */ = {isa = PBXFileReference; fileEncoding = 4; lastKnownFileType = sourcecode.c.objc; path = SCAddFriendSheetController.m; sourceTree = "<group>"; };
		F5B5421B18B6D23C00226CA8 /* Poison.app */ = {isa = PBXFileReference; explicitFileType = wrapper.application; includeInIndex = 0; path = Poison.app; sourceTree = BUILT_PRODUCTS_DIR; };
		F5B5421E18B6D23C00226CA8 /* Cocoa.framework */ = {isa = PBXFileReference; lastKnownFileType = wrapper.framework; name = Cocoa.framework; path = System/Library/Frameworks/Cocoa.framework; sourceTree = SDKROOT; };
		F5B5422118B6D23C00226CA8 /* AppKit.framework */ = {isa = PBXFileReference; lastKnownFileType = wrapper.framework; name = AppKit.framework; path = System/Library/Frameworks/AppKit.framework; sourceTree = SDKROOT; };
		F5B5422318B6D23C00226CA8 /* Foundation.framework */ = {isa = PBXFileReference; lastKnownFileType = wrapper.framework; name = Foundation.framework; path = System/Library/Frameworks/Foundation.framework; sourceTree = SDKROOT; };
		F5B5422618B6D23C00226CA8 /* Poison-Info.plist */ = {isa = PBXFileReference; lastKnownFileType = text.plist.xml; path = "Poison-Info.plist"; sourceTree = "<group>"; };
		F5B5422A18B6D23C00226CA8 /* main.m */ = {isa = PBXFileReference; lastKnownFileType = sourcecode.c.objc; path = main.m; sourceTree = "<group>"; };
		F5B5422C18B6D23C00226CA8 /* Poison-Prefix.pch */ = {isa = PBXFileReference; explicitFileType = sourcecode.c.objc; path = "Poison-Prefix.pch"; sourceTree = "<group>"; };
		F5B5423018B6D23C00226CA8 /* SCAppDelegate.h */ = {isa = PBXFileReference; lastKnownFileType = sourcecode.c.h; path = SCAppDelegate.h; sourceTree = "<group>"; };
		F5B5423118B6D23C00226CA8 /* SCAppDelegate.m */ = {isa = PBXFileReference; lastKnownFileType = sourcecode.c.objc; path = SCAppDelegate.m; sourceTree = "<group>"; };
		F5CC709B18C2BA1600C41EBF /* friends.rtf */ = {isa = PBXFileReference; fileEncoding = 4; lastKnownFileType = text.rtf; path = friends.rtf; sourceTree = "<group>"; };
		F5D1223318F076910075BD10 /* SCSelectiveMenuTableView.h */ = {isa = PBXFileReference; fileEncoding = 4; lastKnownFileType = sourcecode.c.h; path = SCSelectiveMenuTableView.h; sourceTree = "<group>"; };
		F5D1223418F076910075BD10 /* SCSelectiveMenuTableView.m */ = {isa = PBXFileReference; fileEncoding = 4; lastKnownFileType = sourcecode.c.objc; path = SCSelectiveMenuTableView.m; sourceTree = "<group>"; };
		F5DAB46618C962E90046ED96 /* qr-placeholder.png */ = {isa = PBXFileReference; lastKnownFileType = image.png; path = "qr-placeholder.png"; sourceTree = "<group>"; };
		F5DAB46818C970A50046ED96 /* SCQRCodeSheetController.h */ = {isa = PBXFileReference; fileEncoding = 4; lastKnownFileType = sourcecode.c.h; path = SCQRCodeSheetController.h; sourceTree = "<group>"; };
		F5DAB46918C970A50046ED96 /* SCQRCodeSheetController.m */ = {isa = PBXFileReference; fileEncoding = 4; lastKnownFileType = sourcecode.c.objc; path = SCQRCodeSheetController.m; sourceTree = "<group>"; };
		F5E84CDD18DE2C8F00B93FE7 /* SCMenuStatusView.h */ = {isa = PBXFileReference; fileEncoding = 4; lastKnownFileType = sourcecode.c.h; path = SCMenuStatusView.h; sourceTree = "<group>"; };
		F5E84CDE18DE2C8F00B93FE7 /* SCMenuStatusView.m */ = {isa = PBXFileReference; fileEncoding = 4; lastKnownFileType = sourcecode.c.objc; path = SCMenuStatusView.m; sourceTree = "<group>"; };
		F5F41C7518F1BC61009CD9D6 /* SCEditingField.h */ = {isa = PBXFileReference; fileEncoding = 4; lastKnownFileType = sourcecode.c.h; path = SCEditingField.h; sourceTree = "<group>"; };
		F5F41C7618F1BC61009CD9D6 /* SCEditingField.m */ = {isa = PBXFileReference; fileEncoding = 4; lastKnownFileType = sourcecode.c.objc; path = SCEditingField.m; sourceTree = "<group>"; };
		F5F41C7B18F1BD1C009CD9D6 /* LICENSE.md */ = {isa = PBXFileReference; fileEncoding = 4; lastKnownFileType = text; path = LICENSE.md; sourceTree = "<group>"; };
		F5F6A62A18DD3C5A006E5810 /* Copyright.h */ = {isa = PBXFileReference; lastKnownFileType = sourcecode.c.h; name = Copyright.h; path = code/misc/Copyright.h; sourceTree = SOURCE_ROOT; };
		F5F6D5ED18DE4A0200A14557 /* README.md */ = {isa = PBXFileReference; fileEncoding = 4; lastKnownFileType = text; path = README.md; sourceTree = "<group>"; };
		F5F6D5F018DE5AB200A14557 /* status-light-missing.png */ = {isa = PBXFileReference; lastKnownFileType = image.png; path = "status-light-missing.png"; sourceTree = "<group>"; };
		F5F6D5F118DE5AB200A14557 /* status-light-missing@2x.png */ = {isa = PBXFileReference; lastKnownFileType = image.png; path = "status-light-missing@2x.png"; sourceTree = "<group>"; };
		F5F8AA0518F21887000C57EB /* SCBuddyListManager.h */ = {isa = PBXFileReference; fileEncoding = 4; lastKnownFileType = sourcecode.c.h; path = SCBuddyListManager.h; sourceTree = "<group>"; };
		F5F8AA0618F21887000C57EB /* SCBuddyListManager.m */ = {isa = PBXFileReference; fileEncoding = 4; lastKnownFileType = sourcecode.c.objc; path = SCBuddyListManager.m; sourceTree = "<group>"; };
		F5F8AA0B18F21F49000C57EB /* DESConversation+Poison_CustomName.h */ = {isa = PBXFileReference; fileEncoding = 4; lastKnownFileType = sourcecode.c.h; path = "DESConversation+Poison_CustomName.h"; sourceTree = "<group>"; };
		F5F8AA0C18F21F49000C57EB /* DESConversation+Poison_CustomName.m */ = {isa = PBXFileReference; fileEncoding = 4; lastKnownFileType = sourcecode.c.objc; path = "DESConversation+Poison_CustomName.m"; sourceTree = "<group>"; };
		F5FFF46018B81F4E00CD1E43 /* Poison.iconset */ = {isa = PBXFileReference; lastKnownFileType = folder.iconset; path = Poison.iconset; sourceTree = "<group>"; };
		F5FFF46318B8283300CD1E43 /* oi.png */ = {isa = PBXFileReference; lastKnownFileType = image.png; path = oi.png; sourceTree = "<group>"; };
		F5FFF46418B8283300CD1E43 /* oi@2x.png */ = {isa = PBXFileReference; lastKnownFileType = image.png; path = "oi@2x.png"; sourceTree = "<group>"; };
/* End PBXFileReference section */

/* Begin PBXFrameworksBuildPhase section */
		F5B5421818B6D23C00226CA8 /* Frameworks */ = {
			isa = PBXFrameworksBuildPhase;
			buildActionMask = 2147483647;
			files = (
				F541810018C3D4E600AB220E /* libObjectiveTox.a in Frameworks */,
				F55857A618D649820053DD52 /* libqrencode.a in Frameworks */,
				F56956D918E88EE700E1EB0D /* Quartz.framework in Frameworks */,
				F5A2978218D4CB3600595FDF /* Security.framework in Frameworks */,
				F541810418C3E5F300AB220E /* WebKit.framework in Frameworks */,
				F53DB8A318B6DE74008D7ED5 /* QuartzCore.framework in Frameworks */,
				F5B5421F18B6D23C00226CA8 /* Cocoa.framework in Frameworks */,
			);
			runOnlyForDeploymentPostprocessing = 0;
		};
/* End PBXFrameworksBuildPhase section */

/* Begin PBXGroup section */
		F50F9C0E18C3AB3600D06A0F /* Products */ = {
			isa = PBXGroup;
			children = (
				F50F9C1218C3AB3600D06A0F /* libObjectiveTox.a */,
				F5DAB46118C95A280046ED96 /* DESObserver */,
				F56956D118E884AE00E1EB0D /* mio */,
				F56B873D18EE42E2008B5829 /* toxlookup */,
			);
			name = Products;
			sourceTree = "<group>";
		};
		F517FCA618B91CB20060D575 /* managers */ = {
			isa = PBXGroup;
			children = (
				F541811318C412EC00AB220E /* SCThemeManager.h */,
				F541811418C412EC00AB220E /* SCThemeManager.m */,
				F59C0F4218D3E6F300BB437C /* SCResourceBundle.h */,
				F59C0F4318D3E6F300BB437C /* SCResourceBundle.m */,
				F517FCA718B91CDA0060D575 /* SCProfileManager.h */,
				F517FCA818B91CDA0060D575 /* SCProfileManager.m */,
			);
			path = managers;
			sourceTree = "<group>";
		};
		F52714AF18DF9D9E00B7E663 /* strings */ = {
			isa = PBXGroup;
			children = (
				F52714B418DF9DA400B7E663 /* Localizable.strings */,
			);
			path = strings;
			sourceTree = "<group>";
		};
		F52D010918B7CE4E0033680F /* login_window */ = {
			isa = PBXGroup;
			children = (
				F538754018C25DB500AED945 /* SCNewUserWindowController.h */,
				F538754118C25DB500AED945 /* SCNewUserWindowController.m */,
				F52D014C18B7D44F0033680F /* SCBigGreenButton.h */,
				F52D014D18B7D44F0033680F /* SCBigGreenButton.m */,
			);
			path = login_window;
			sourceTree = "<group>";
		};
		F52D011418B7CF5A0033680F /* art */ = {
			isa = PBXGroup;
			children = (
				F52D011518B7CFB70033680F /* icon_group_ignore.png */,
				F52D011618B7CFB70033680F /* icon_group_ignore@2x.png */,
				F52D011718B7CFB70033680F /* icon_group_join.png */,
				F52D011818B7CFB70033680F /* icon_group_join@2x.png */,
				F52D011918B7CFB70033680F /* icon_info.png */,
				F52D011A18B7CFB70033680F /* icon_info@2x.png */,
				F52D011B18B7CFB70033680F /* icon_minus.png */,
				F52D011C18B7CFB70033680F /* icon_minus@2x.png */,
				F52D011D18B7CFB70033680F /* icon_plus.png */,
				F52D011E18B7CFB70033680F /* icon_plus@2x.png */,
				F52D011F18B7CFB70033680F /* icon_smiley.png */,
				F52D012018B7CFB70033680F /* icon-frequests.png */,
				F52D012118B7CFB70033680F /* icon-frequests@2x.png */,
				F52D012218B7CFB70033680F /* status-light-away.png */,
				F52D012318B7CFB70033680F /* status-light-away@2x.png */,
				F52D012418B7CFB70033680F /* status-light-offline.png */,
				F52D012518B7CFB70033680F /* status-light-offline@2x.png */,
				F52D012618B7CFB70033680F /* status-light-online.png */,
				F52D012718B7CFB70033680F /* status-light-online@2x.png */,
				F5F6D5F018DE5AB200A14557 /* status-light-missing.png */,
				F5F6D5F118DE5AB200A14557 /* status-light-missing@2x.png */,
				F52D012818B7CFB70033680F /* tox_logo.png */,
				F52D012918B7CFB70033680F /* tox_logo@2x.png */,
				F538754A18C28B4000AED945 /* titlebar_incoming_files.png */,
				F538754B18C28B4000AED945 /* titlebar_incoming_files@2x.png */,
				F52D012E18B7CFB70033680F /* user-icon-default.png */,
				F52D012F18B7CFB70033680F /* user-icon-default@2x.png */,
				F5DAB46618C962E90046ED96 /* qr-placeholder.png */,
				F5FFF46318B8283300CD1E43 /* oi.png */,
				F5FFF46418B8283300CD1E43 /* oi@2x.png */,
				F56956CA18E884AE00E1EB0D /* avatar_mask@2x.png */,
				F56956CB18E884AE00E1EB0D /* avatar_mask.png */,
				F5FFF46018B81F4E00CD1E43 /* Poison.iconset */,
			);
			name = art;
			sourceTree = "<group>";
		};
		F53DB88E18B6DD37008D7ED5 /* common */ = {
			isa = PBXGroup;
			children = (
				F541811C18C425B400AB220E /* SCFillingView.h */,
				F541811D18C425B400AB220E /* SCFillingView.m */,
				F53DB89118B6DD37008D7ED5 /* SCGradientView.h */,
				F53DB89218B6DD37008D7ED5 /* SCGradientView.m */,
				F53DB89518B6DD37008D7ED5 /* SCShadowedView.h */,
				F53DB89618B6DD37008D7ED5 /* SCShadowedView.m */,
				F567A4DE18C5530300E04F3A /* SCDraggingView.h */,
				F567A4DF18C5530300E04F3A /* SCDraggingView.m */,
				F541810818C3FABD00AB220E /* SCNonGarbageSplitView.h */,
				F541810918C3FABD00AB220E /* SCNonGarbageSplitView.m */,
				F53DB88F18B6DD37008D7ED5 /* NSWindow+Shake.h */,
				F53DB89018B6DD37008D7ED5 /* NSWindow+Shake.m */,
				F538754318C2656000AED945 /* SCWidgetedWindow.h */,
				F538754418C2656000AED945 /* SCWidgetedWindow.m */,
				F54180FF18C3CF3300AB220E /* CGGeometryExtreme.h */,
			);
			path = common;
			sourceTree = "<group>";
		};
		F53DB89E18B6DDB8008D7ED5 /* buddy_list */ = {
			isa = PBXGroup;
			children = (
				F56956D418E88C4700E1EB0D /* SCBuddyListCells.h */,
				F56956D518E88C4700E1EB0D /* SCBuddyListCells.m */,
				F53DB89F18B6DDDE008D7ED5 /* SCBuddyListController.h */,
				F53DB8A018B6DDDE008D7ED5 /* SCBuddyListController.m */,
				F5F8AA0518F21887000C57EB /* SCBuddyListManager.h */,
				F5F8AA0618F21887000C57EB /* SCBuddyListManager.m */,
				F5D1223318F076910075BD10 /* SCSelectiveMenuTableView.h */,
				F5D1223418F076910075BD10 /* SCSelectiveMenuTableView.m */,
				F56956D718E88CBB00E1EB0D /* SCBuddyListShared.h */,
				F5F41C7518F1BC61009CD9D6 /* SCEditingField.h */,
				F5F41C7618F1BC61009CD9D6 /* SCEditingField.m */,
			);
			path = buddy_list;
			sourceTree = "<group>";
		};
		F54180FA18C3C0A600AB220E /* main_window */ = {
			isa = PBXGroup;
			children = (
				F54180FE18C3C1C500AB220E /* SCMainWindowing.h */,
				F543BE3518E12994004C70D3 /* SCMainWindowController.h */,
				F543BE3618E12994004C70D3 /* SCMainWindowController.m */,
				F54180FB18C3C0E000AB220E /* SCBuddyListWindowController.h */,
				F54180FC18C3C0E000AB220E /* SCBuddyListWindowController.m */,
				F541810518C3F4DE00AB220E /* SCUnifiedWindowController.h */,
				F541810618C3F4DE00AB220E /* SCUnifiedWindowController.m */,
				F5DAB46818C970A50046ED96 /* SCQRCodeSheetController.h */,
				F5DAB46918C970A50046ED96 /* SCQRCodeSheetController.m */,
				F5A2978818D51CAA00595FDF /* SCAddFriendSheetController.h */,
				F5A2978918D51CAA00595FDF /* SCAddFriendSheetController.m */,
			);
			path = main_window;
			sourceTree = "<group>";
		};
		F541810B18C3FED700AB220E /* chat_view */ = {
			isa = PBXGroup;
			children = (
				F541810C18C3FEF500AB220E /* SCChatViewController.h */,
				F541810D18C3FEF500AB220E /* SCChatViewController.m */,
				F58EE9AB18C595530033F2D4 /* SCChatView.h */,
				F58EE9AC18C595530033F2D4 /* SCChatView.m */,
			);
			path = chat_view;
			sourceTree = "<group>";
		};
		F5B5421218B6D23C00226CA8 = {
			isa = PBXGroup;
			children = (
				F567A4E218C5745C00E04F3A /* to-do */,
				F5F6D5ED18DE4A0200A14557 /* README.md */,
				F5F41C7B18F1BD1C009CD9D6 /* LICENSE.md */,
				F50F9C0D18C3AB3600D06A0F /* ObjectiveTox.xcodeproj */,
				F5B5422418B6D23C00226CA8 /* code */,
				F5B5425418B6D77400226CA8 /* resources */,
				F5B5421D18B6D23C00226CA8 /* Frameworks */,
				F5B5421C18B6D23C00226CA8 /* Products */,
			);
			sourceTree = "<group>";
		};
		F5B5421C18B6D23C00226CA8 /* Products */ = {
			isa = PBXGroup;
			children = (
				F5B5421B18B6D23C00226CA8 /* Poison.app */,
			);
			name = Products;
			sourceTree = "<group>";
		};
		F5B5421D18B6D23C00226CA8 /* Frameworks */ = {
			isa = PBXGroup;
			children = (
				F56956D818E88EE700E1EB0D /* Quartz.framework */,
				F55857A518D649820053DD52 /* libqrencode.a */,
				F5A2978118D4CB3600595FDF /* Security.framework */,
				F541810318C3E5F300AB220E /* WebKit.framework */,
				F52D7DB818B932A400639182 /* OpenAL.framework */,
				F53DB8A218B6DE74008D7ED5 /* QuartzCore.framework */,
				F5B5421E18B6D23C00226CA8 /* Cocoa.framework */,
				F5B5422018B6D23C00226CA8 /* Other Frameworks */,
			);
			name = Frameworks;
			sourceTree = "<group>";
		};
		F5B5422018B6D23C00226CA8 /* Other Frameworks */ = {
			isa = PBXGroup;
			children = (
				F5B5422118B6D23C00226CA8 /* AppKit.framework */,
				F5B5422318B6D23C00226CA8 /* Foundation.framework */,
			);
			name = "Other Frameworks";
			sourceTree = "<group>";
		};
		F5B5422418B6D23C00226CA8 /* code */ = {
			isa = PBXGroup;
			children = (
				F541810B18C3FED700AB220E /* chat_view */,
				F54180FA18C3C0A600AB220E /* main_window */,
				F517FCA618B91CB20060D575 /* managers */,
				F52D010918B7CE4E0033680F /* login_window */,
				F53DB89E18B6DDB8008D7ED5 /* buddy_list */,
				F53DB88E18B6DD37008D7ED5 /* common */,
				F5B5425818B6D81F00226CA8 /* main */,
				F5B5425918B6D81F00226CA8 /* misc */,
			);
			path = code;
			sourceTree = "<group>";
		};
		F5B5425418B6D77400226CA8 /* resources */ = {
			isa = PBXGroup;
			children = (
				F5CC709B18C2BA1600C41EBF /* friends.rtf */,
				F5B5422618B6D23C00226CA8 /* Poison-Info.plist */,
				F58EE9A818C57A760033F2D4 /* DefaultDefaults.plist */,
				F541811618C4138100AB220E /* Default.psnChatStyle */,
				F52714AF18DF9D9E00B7E663 /* strings */,
				F52D011418B7CF5A0033680F /* art */,
				F5B5425D18B6D89B00226CA8 /* interfaces */,
			);
			path = resources;
			sourceTree = "<group>";
		};
		F5B5425818B6D81F00226CA8 /* main */ = {
			isa = PBXGroup;
			children = (
				F5B5423018B6D23C00226CA8 /* SCAppDelegate.h */,
				F5B5423118B6D23C00226CA8 /* SCAppDelegate.m */,
				F5E84CDD18DE2C8F00B93FE7 /* SCMenuStatusView.h */,
				F5E84CDE18DE2C8F00B93FE7 /* SCMenuStatusView.m */,
			);
			path = main;
			sourceTree = "<group>";
		};
		F5B5425918B6D81F00226CA8 /* misc */ = {
			isa = PBXGroup;
			children = (
				F5F8AA0B18F21F49000C57EB /* DESConversation+Poison_CustomName.h */,
				F5F8AA0C18F21F49000C57EB /* DESConversation+Poison_CustomName.m */,
				F56B873E18EE692A008B5829 /* SCValidationHelpers.h */,
				F56B873618EE42E1008B5829 /* SCBase64.h */,
				F56B873718EE42E1008B5829 /* SCBase64.m */,
				F543BE3218E126CC004C70D3 /* NSString+CanonicalID.h */,
				F543BE3318E126CC004C70D3 /* NSString+CanonicalID.m */,
				F543BE2E18E116D3004C70D3 /* NSURL+Parameters.h */,
				F543BE2F18E116D3004C70D3 /* NSURL+Parameters.m */,
				F5B5422A18B6D23C00226CA8 /* main.m */,
				F5F6A62A18DD3C5A006E5810 /* Copyright.h */,
				F5B5422C18B6D23C00226CA8 /* Poison-Prefix.pch */,
			);
			path = misc;
			sourceTree = "<group>";
		};
		F5B5425D18B6D89B00226CA8 /* interfaces */ = {
			isa = PBXGroup;
			children = (
				F52714A118DF823400B7E663 /* AddFriend.xib */,
				F52714A218DF823400B7E663 /* AVAwayViewExperimental.xib */,
				F52714A318DF823400B7E663 /* ChatPanel.xib */,
				F52714A418DF823400B7E663 /* FriendsPanel.xib */,
				F52714A518DF823400B7E663 /* MainMenu.xib */,
				F52714A618DF823400B7E663 /* NewUser.xib */,
				F52714A718DF823400B7E663 /* QRSheet.xib */,
			);
			path = interfaces;
			sourceTree = "<group>";
		};
/* End PBXGroup section */

/* Begin PBXNativeTarget section */
		F5B5421A18B6D23C00226CA8 /* Poison */ = {
			isa = PBXNativeTarget;
			buildConfigurationList = F5B5424C18B6D23C00226CA8 /* Build configuration list for PBXNativeTarget "Poison" */;
			buildPhases = (
				F52D7DBC18B9402B00639182 /* ShellScript */,
				F5B5421718B6D23C00226CA8 /* Sources */,
				F5B5421818B6D23C00226CA8 /* Frameworks */,
				F5B5421918B6D23C00226CA8 /* Resources */,
				F541811818C4139200AB220E /* CopyFiles */,
				F553FAFB18DCF3AF00CBA532 /* ShellScript */,
			);
			buildRules = (
			);
			dependencies = (
				F5A2978018D4CB2A00595FDF /* PBXTargetDependency */,
			);
			name = Poison;
			productName = Atroquinine;
			productReference = F5B5421B18B6D23C00226CA8 /* Poison.app */;
			productType = "com.apple.product-type.application";
		};
/* End PBXNativeTarget section */

/* Begin PBXProject section */
		F5B5421318B6D23C00226CA8 /* Project object */ = {
			isa = PBXProject;
			attributes = {
				CLASSPREFIX = SC;
				LastUpgradeCheck = 0500;
				ORGANIZATIONNAME = "Project Tox";
			};
			buildConfigurationList = F5B5421618B6D23C00226CA8 /* Build configuration list for PBXProject "Poison2x" */;
			compatibilityVersion = "Xcode 3.2";
			developmentRegion = English;
			hasScannedForEncodings = 0;
			knownRegions = (
				en,
				Base,
			);
			mainGroup = F5B5421218B6D23C00226CA8;
			productRefGroup = F5B5421C18B6D23C00226CA8 /* Products */;
			projectDirPath = "";
			projectReferences = (
				{
					ProductGroup = F50F9C0E18C3AB3600D06A0F /* Products */;
					ProjectRef = F50F9C0D18C3AB3600D06A0F /* ObjectiveTox.xcodeproj */;
				},
			);
			projectRoot = "";
			targets = (
				F5B5421A18B6D23C00226CA8 /* Poison */,
				F531760B18CB8FCC00F802B9 /* Everything */,
			);
		};
/* End PBXProject section */

/* Begin PBXReferenceProxy section */
		F50F9C1218C3AB3600D06A0F /* libObjectiveTox.a */ = {
			isa = PBXReferenceProxy;
			fileType = archive.ar;
			path = libObjectiveTox.a;
			remoteRef = F50F9C1118C3AB3600D06A0F /* PBXContainerItemProxy */;
			sourceTree = BUILT_PRODUCTS_DIR;
		};
		F56956D118E884AE00E1EB0D /* mio */ = {
			isa = PBXReferenceProxy;
			fileType = "compiled.mach-o.executable";
			path = mio;
			remoteRef = F56956D018E884AE00E1EB0D /* PBXContainerItemProxy */;
			sourceTree = BUILT_PRODUCTS_DIR;
		};
		F56B873D18EE42E2008B5829 /* toxlookup */ = {
			isa = PBXReferenceProxy;
			fileType = "compiled.mach-o.executable";
			path = toxlookup;
			remoteRef = F56B873C18EE42E2008B5829 /* PBXContainerItemProxy */;
			sourceTree = BUILT_PRODUCTS_DIR;
		};
		F5DAB46118C95A280046ED96 /* DESObserver */ = {
			isa = PBXReferenceProxy;
			fileType = "compiled.mach-o.executable";
			path = DESObserver;
			remoteRef = F5DAB46018C95A280046ED96 /* PBXContainerItemProxy */;
			sourceTree = BUILT_PRODUCTS_DIR;
		};
/* End PBXReferenceProxy section */

/* Begin PBXResourcesBuildPhase section */
		F5B5421918B6D23C00226CA8 /* Resources */ = {
			isa = PBXResourcesBuildPhase;
			buildActionMask = 2147483647;
			files = (
				F52D013218B7CFB70033680F /* icon_group_join.png in Resources */,
				F52D013918B7CFB70033680F /* icon_plus@2x.png in Resources */,
				F541811718C4138100AB220E /* Default.psnChatStyle in Resources */,
				F538754E18C28B4000AED945 /* titlebar_incoming_files.png in Resources */,
				F56956CD18E884AE00E1EB0D /* avatar_mask.png in Resources */,
				F52714AC18DF823400B7E663 /* MainMenu.xib in Resources */,
				F52D013D18B7CFB70033680F /* status-light-away.png in Resources */,
				F5DAB46718C962E90046ED96 /* qr-placeholder.png in Resources */,
				F52D013F18B7CFB70033680F /* status-light-offline.png in Resources */,
				F52D014218B7CFB70033680F /* status-light-online@2x.png in Resources */,
				F52D013318B7CFB70033680F /* icon_group_join@2x.png in Resources */,
				F52D013018B7CFB70033680F /* icon_group_ignore.png in Resources */,
				F52D014418B7CFB70033680F /* tox_logo@2x.png in Resources */,
				F52714A818DF823400B7E663 /* AddFriend.xib in Resources */,
				F52714AD18DF823400B7E663 /* NewUser.xib in Resources */,
				F52D014118B7CFB70033680F /* status-light-online.png in Resources */,
				F52714A918DF823400B7E663 /* AVAwayViewExperimental.xib in Resources */,
				F52D013B18B7CFB70033680F /* icon-frequests.png in Resources */,
				F52D013718B7CFB70033680F /* icon_minus@2x.png in Resources */,
				F52D013A18B7CFB70033680F /* icon_smiley.png in Resources */,
				F5F6D5F218DE5AB200A14557 /* status-light-missing.png in Resources */,
				F52D014A18B7CFB70033680F /* user-icon-default@2x.png in Resources */,
				F5FFF46618B8283300CD1E43 /* oi@2x.png in Resources */,
				F52714AE18DF823400B7E663 /* QRSheet.xib in Resources */,
				F538754F18C28B4000AED945 /* titlebar_incoming_files@2x.png in Resources */,
				F5FFF46518B8283300CD1E43 /* oi.png in Resources */,
				F52D014318B7CFB70033680F /* tox_logo.png in Resources */,
				F52D013418B7CFB70033680F /* icon_info.png in Resources */,
				F52D013618B7CFB70033680F /* icon_minus.png in Resources */,
				F5FFF46118B81F4E00CD1E43 /* Poison.iconset in Resources */,
				F52D014918B7CFB70033680F /* user-icon-default.png in Resources */,
				F52D013E18B7CFB70033680F /* status-light-away@2x.png in Resources */,
				F52D013C18B7CFB70033680F /* icon-frequests@2x.png in Resources */,
				F58EE9A918C57A760033F2D4 /* DefaultDefaults.plist in Resources */,
				F52714AB18DF823400B7E663 /* FriendsPanel.xib in Resources */,
				F56956CC18E884AE00E1EB0D /* avatar_mask@2x.png in Resources */,
				F5CC709C18C2BA1600C41EBF /* friends.rtf in Resources */,
				F52D013818B7CFB70033680F /* icon_plus.png in Resources */,
				F52D013518B7CFB70033680F /* icon_info@2x.png in Resources */,
				F5F6D5F318DE5AB200A14557 /* status-light-missing@2x.png in Resources */,
				F52714B218DF9DA400B7E663 /* Localizable.strings in Resources */,
				F52D014018B7CFB70033680F /* status-light-offline@2x.png in Resources */,
				F52D013118B7CFB70033680F /* icon_group_ignore@2x.png in Resources */,
				F52714AA18DF823400B7E663 /* ChatPanel.xib in Resources */,
			);
			runOnlyForDeploymentPostprocessing = 0;
		};
/* End PBXResourcesBuildPhase section */

/* Begin PBXShellScriptBuildPhase section */
		F52D7DBC18B9402B00639182 /* ShellScript */ = {
			isa = PBXShellScriptBuildPhase;
			buildActionMask = 2147483647;
			files = (
			);
			inputPaths = (
			);
			outputPaths = (
			);
			runOnlyForDeploymentPostprocessing = 0;
			shellPath = /bin/bash;
			shellScript = "echo \"Poison build: checking your dependencies!\"\nif [ -z ${XCODE_VERSION_ACTUAL+x} ]; then\n    echo \"error: Xcode not present\"\n    exit 1\nfi\nPATH=/usr/local/bin:$PATH\nNPROC=\"$(sysctl -n hw.ncpu)\"\nWORKSPACE=\"$PROJECT_DIR/_support/_work\"\nmake_libvpx() {\n    echo \"Need to build libvpx. This will take a while.\"\n    mkdir -p \"$WORKSPACE\" && cd \"$WORKSPACE\"\n    rm -rf libvpx\n    git clone \"https://chromium.googlesource.com/webm/libvpx\" libvpx && cd libvpx\n    git checkout \"v1.3.0\"\n    ./configure \"--prefix=$PROJECT_DIR/_support\" \\\n    > \"$WORKSPACE/../libvpx.configure.log\" 2>&1\n    make -j$NPROC && make install\n    echo \"OK.\"\n    rm -f \"$WORKSPACE/../libvpx.configure.log\"\n}\nmake_libopus() {\n    echo \"Need to build libopus. This will take a while.\"\n    mkdir -p \"$WORKSPACE\" && cd \"$WORKSPACE\"\n    rm -rf \"opus-1.0.3\" \"libopus.tar.gz\"\n    curl -o \"libopus.tar.gz\" \"http://downloads.xiph.org/releases/opus/opus-1.0.3.tar.gz\"\n    tar -xzf \"libopus.tar.gz\" && cd \"opus-1.0.3\"\n    ./configure \"--prefix=$PROJECT_DIR/_support\" \\\n    > \"$WORKSPACE/../libopus.configure.log\" 2>&1\n    make -j$NPROC && make install\n    echo \"OK.\"\n    rm -f \"$WORKSPACE/../libopus.configure.log\"\n}\nmake_libqrencode() {\n    echo \"Need to build libqrencode. This will take a while.\"\n    mkdir -p \"$WORKSPACE\" && cd \"$WORKSPACE\"\n    rm -rf \"qrencode-3.4.3\" \"libqrencode.tar.gz\"\n    curl -o \"libqrencode.tar.gz\" \"https://fukuchi.org/works/qrencode/qrencode-3.4.3.tar.gz\"\n    tar -xzf \"libqrencode.tar.gz\" && cd \"qrencode-3.4.3\"\n    ./configure \"--prefix=$PROJECT_DIR/_support\" --without-tools --enable-static \\\n    > \"$WORKSPACE/../libqrencode.configure.log\" 2>&1\n    make -j$NPROC\n    make install\n    echo \"OK.\"\n    rm -f \"$WORKSPACE/../libqrencode.configure.log\"\n}\n\nupdate_build() {\n    if [ -n \"$JENKINS_URL\" ]; then\n        echo \"This looks like a Jenkins build... I'll use Jenkins build numbers, then.\"\n        GIT_REF=$GIT_COMMIT\n        BUILD_NO=\"j$BUILD_NUMBER\"\n    elif [ -d \"$PROJECT_DIR/.git\" ]; then\n        echo \"Git information is available.\"\n        GIT_REF=$(git log -n 1 --pretty=format:%h)\n        BUILD_NO=\"m$(git rev-list HEAD --count)\"\n    else\n        echo \"No build information available.\"\n        GIT_REF=\"UNKNOWN\"\n        BUILD_NO=\"???\"\n    fi\n    echo \"Xcode is present. Writing to Info.plist: build $BUILD_NO; git commit $GIT_REF\"\n    /usr/libexec/PlistBuddy -c \"Set :CFBundleVersion $BUILD_NO\" \"$INFOPLIST_FILE\"\n    /usr/libexec/PlistBuddy -c \"Add :SCGitRef string $GIT_REF\" \"$INFOPLIST_FILE\" || /usr/libexec/PlistBuddy -c \"Set :SCGitRef $GIT_REF\" \"$INFOPLIST_FILE\"\n}\n\n#if [ ! -f \"$PROJECT_DIR/_support/lib/libvpx.a\" ]; then\n#    make_libvpx; cd $PROJECT_DIR;\n#fi\n#if [ ! -f \"$PROJECT_DIR/_support/lib/libopus.a\" ]; then\n#    make_libopus; cd $PROJECT_DIR;\n#fi\nif [ ! -f \"$PROJECT_DIR/_support/lib/libqrencode.a\" ]; then\n    make_libqrencode; cd $PROJECT_DIR;\nfi\n\necho \"Poison build: stitching version into Info.plist!\"\nupdate_build\ncat \"$PROJECT_DIR/_support/flavour.txt\" > \"$PROJECT_DIR/_support/.security\" 2> /dev/null || touch \"$PROJECT_DIR/_support/.security\"\n";
		};
		F553FAFB18DCF3AF00CBA532 /* ShellScript */ = {
			isa = PBXShellScriptBuildPhase;
			buildActionMask = 2147483647;
			files = (
			);
			inputPaths = (
			);
			outputPaths = (
			);
			runOnlyForDeploymentPostprocessing = 0;
			shellPath = /bin/sh;
			shellScript = "rm -rf \"$PROJECT_DIR/_support/.security\"\n\necho \"Poison build: doing final compile of translations!\"\nbash \"$PROJECT_DIR/translation_helper.sh\" integrate\nbash \"$PROJECT_DIR/translation_helper.sh\" compile \"$BUILT_PRODUCTS_DIR/$WRAPPER_NAME/Contents/Resources\"";
		};
/* End PBXShellScriptBuildPhase section */

/* Begin PBXSourcesBuildPhase section */
		F5B5421718B6D23C00226CA8 /* Sources */ = {
			isa = PBXSourcesBuildPhase;
			buildActionMask = 2147483647;
			files = (
				F5F8AA0718F21887000C57EB /* SCBuddyListManager.m in Sources */,
				F543BE3718E12994004C70D3 /* SCMainWindowController.m in Sources */,
				F5F41C7718F1BC61009CD9D6 /* SCEditingField.m in Sources */,
				F5DAB46A18C970A50046ED96 /* SCQRCodeSheetController.m in Sources */,
				F538754218C25DB500AED945 /* SCNewUserWindowController.m in Sources */,
				F543BE3418E126CC004C70D3 /* NSString+CanonicalID.m in Sources */,
				F53DB89918B6DD37008D7ED5 /* NSWindow+Shake.m in Sources */,
				F541810A18C3FABD00AB220E /* SCNonGarbageSplitView.m in Sources */,
				F59C0F4418D3E6F300BB437C /* SCResourceBundle.m in Sources */,
				F53DB89C18B6DD37008D7ED5 /* SCShadowedView.m in Sources */,
				F541811518C412EC00AB220E /* SCThemeManager.m in Sources */,
				F5B5423218B6D23C00226CA8 /* SCAppDelegate.m in Sources */,
				F56956D618E88C4700E1EB0D /* SCBuddyListCells.m in Sources */,
				F53DB89A18B6DD37008D7ED5 /* SCGradientView.m in Sources */,
				F5B5422B18B6D23C00226CA8 /* main.m in Sources */,
				F53DB8A118B6DDDE008D7ED5 /* SCBuddyListController.m in Sources */,
				F5E84CDF18DE2C8F00B93FE7 /* SCMenuStatusView.m in Sources */,
				F56B873818EE42E1008B5829 /* SCBase64.m in Sources */,
				F567A4E018C5530300E04F3A /* SCDraggingView.m in Sources */,
				F517FCA918B91CDA0060D575 /* SCProfileManager.m in Sources */,
				F58EE9AD18C595530033F2D4 /* SCChatView.m in Sources */,
				F543BE3018E116D3004C70D3 /* NSURL+Parameters.m in Sources */,
				F541811E18C425B400AB220E /* SCFillingView.m in Sources */,
				F52D014E18B7D44F0033680F /* SCBigGreenButton.m in Sources */,
				F541810718C3F4DE00AB220E /* SCUnifiedWindowController.m in Sources */,
				F5D1223518F076910075BD10 /* SCSelectiveMenuTableView.m in Sources */,
				F5A2978A18D51CAA00595FDF /* SCAddFriendSheetController.m in Sources */,
				F54180FD18C3C0E000AB220E /* SCBuddyListWindowController.m in Sources */,
				F541810E18C3FEF500AB220E /* SCChatViewController.m in Sources */,
				F538754518C2656000AED945 /* SCWidgetedWindow.m in Sources */,
				F5F8AA0D18F21F49000C57EB /* DESConversation+Poison_CustomName.m in Sources */,
			);
			runOnlyForDeploymentPostprocessing = 0;
		};
/* End PBXSourcesBuildPhase section */

/* Begin PBXTargetDependency section */
		F553FAF918DCE5E000CBA532 /* PBXTargetDependency */ = {
			isa = PBXTargetDependency;
			name = Everything;
			targetProxy = F553FAF818DCE5E000CBA532 /* PBXContainerItemProxy */;
		};
		F5A2978018D4CB2A00595FDF /* PBXTargetDependency */ = {
			isa = PBXTargetDependency;
			name = ObjectiveTox;
			targetProxy = F5A2977F18D4CB2A00595FDF /* PBXContainerItemProxy */;
		};
		F5B82BA918CB8FEA007E31E5 /* PBXTargetDependency */ = {
			isa = PBXTargetDependency;
			target = F5B5421A18B6D23C00226CA8 /* Poison */;
			targetProxy = F5B82BA818CB8FEA007E31E5 /* PBXContainerItemProxy */;
		};
/* End PBXTargetDependency section */

/* Begin PBXVariantGroup section */
		F52714B418DF9DA400B7E663 /* Localizable.strings */ = {
			isa = PBXVariantGroup;
			children = (
				F52714B318DF9DA400B7E663 /* en */,
			);
			name = Localizable.strings;
			sourceTree = "<group>";
		};
/* End PBXVariantGroup section */

/* Begin XCBuildConfiguration section */
		F531760C18CB8FCC00F802B9 /* Debug */ = {
			isa = XCBuildConfiguration;
			buildSettings = {
				PRODUCT_NAME = "$(TARGET_NAME)";
			};
			name = Debug;
		};
		F531760D18CB8FCC00F802B9 /* Release */ = {
			isa = XCBuildConfiguration;
			buildSettings = {
				PRODUCT_NAME = "$(TARGET_NAME)";
			};
			name = Release;
		};
		F5B5424A18B6D23C00226CA8 /* Debug */ = {
			isa = XCBuildConfiguration;
			buildSettings = {
				ALWAYS_SEARCH_USER_PATHS = NO;
				CLANG_CXX_LANGUAGE_STANDARD = "gnu++0x";
				CLANG_CXX_LIBRARY = "libc++";
				CLANG_ENABLE_OBJC_ARC = YES;
				CLANG_WARN_BOOL_CONVERSION = YES;
				CLANG_WARN_CONSTANT_CONVERSION = YES;
				CLANG_WARN_DIRECT_OBJC_ISA_USAGE = YES_ERROR;
				CLANG_WARN_EMPTY_BODY = YES;
				CLANG_WARN_ENUM_CONVERSION = YES;
				CLANG_WARN_INT_CONVERSION = YES;
				CLANG_WARN_OBJC_ROOT_CLASS = YES_ERROR;
				CLANG_WARN__DUPLICATE_METHOD_MATCH = YES;
				COPY_PHASE_STRIP = NO;
				GCC_CW_ASM_SYNTAX = YES;
				GCC_C_LANGUAGE_STANDARD = gnu99;
				GCC_DYNAMIC_NO_PIC = NO;
				GCC_ENABLE_OBJC_EXCEPTIONS = YES;
				GCC_OPTIMIZATION_LEVEL = 0;
				GCC_PREPROCESSOR_DEFINITIONS = (
					"DEBUG=1",
					"$(inherited)",
				);
				GCC_SYMBOLS_PRIVATE_EXTERN = NO;
				GCC_WARN_64_TO_32_BIT_CONVERSION = YES;
				GCC_WARN_ABOUT_RETURN_TYPE = YES_ERROR;
				GCC_WARN_UNDECLARED_SELECTOR = YES;
				GCC_WARN_UNINITIALIZED_AUTOS = YES;
				GCC_WARN_UNUSED_FUNCTION = YES;
				GCC_WARN_UNUSED_VARIABLE = YES;
				HEADER_SEARCH_PATHS = (
					"$(inherited)",
					/Applications/Xcode.app/Contents/Developer/Toolchains/XcodeDefault.xctoolchain/usr/include,
					"${PROJECT_DIR}/txd",
					"${PROJECT_DIR}/objective_tox",
					"${PROJECT_DIR}/ProjectTox-Core/toxcore",
					"${PROJECT_DIR}/_support/include",
				);
				MACOSX_DEPLOYMENT_TARGET = 10.7;
				ONLY_ACTIVE_ARCH = YES;
				SDKROOT = macosx;
			};
			name = Debug;
		};
		F5B5424B18B6D23C00226CA8 /* Release */ = {
			isa = XCBuildConfiguration;
			buildSettings = {
				ALWAYS_SEARCH_USER_PATHS = NO;
				CLANG_CXX_LANGUAGE_STANDARD = "gnu++0x";
				CLANG_CXX_LIBRARY = "libc++";
				CLANG_ENABLE_OBJC_ARC = YES;
				CLANG_WARN_BOOL_CONVERSION = YES;
				CLANG_WARN_CONSTANT_CONVERSION = YES;
				CLANG_WARN_DIRECT_OBJC_ISA_USAGE = YES_ERROR;
				CLANG_WARN_EMPTY_BODY = YES;
				CLANG_WARN_ENUM_CONVERSION = YES;
				CLANG_WARN_INT_CONVERSION = YES;
				CLANG_WARN_OBJC_ROOT_CLASS = YES_ERROR;
				CLANG_WARN__DUPLICATE_METHOD_MATCH = YES;
				COPY_PHASE_STRIP = YES;
				DEBUG_INFORMATION_FORMAT = "dwarf-with-dsym";
				ENABLE_NS_ASSERTIONS = NO;
				GCC_CW_ASM_SYNTAX = YES;
				GCC_C_LANGUAGE_STANDARD = gnu99;
				GCC_ENABLE_OBJC_EXCEPTIONS = YES;
				GCC_WARN_64_TO_32_BIT_CONVERSION = YES;
				GCC_WARN_ABOUT_RETURN_TYPE = YES_ERROR;
				GCC_WARN_UNDECLARED_SELECTOR = YES;
				GCC_WARN_UNINITIALIZED_AUTOS = YES;
				GCC_WARN_UNUSED_FUNCTION = YES;
				GCC_WARN_UNUSED_VARIABLE = YES;
				HEADER_SEARCH_PATHS = (
					"$(inherited)",
					/Applications/Xcode.app/Contents/Developer/Toolchains/XcodeDefault.xctoolchain/usr/include,
					"${PROJECT_DIR}/txd",
					"${PROJECT_DIR}/objective_tox",
					"${PROJECT_DIR}/ProjectTox-Core/toxcore",
					"${PROJECT_DIR}/_support/include",
				);
				MACOSX_DEPLOYMENT_TARGET = 10.7;
				SDKROOT = macosx;
			};
			name = Release;
		};
		F5B5424D18B6D23C00226CA8 /* Debug */ = {
			isa = XCBuildConfiguration;
			buildSettings = {
				ASSETCATALOG_COMPILER_APPICON_NAME = AppIcon;
				CODE_SIGN_IDENTITY = "Zodiac Labs Software Distribution Authority";
				COMBINE_HIDPI_IMAGES = YES;
				GCC_C_LANGUAGE_STANDARD = c99;
				GCC_PRECOMPILE_PREFIX_HEADER = YES;
				GCC_PREFIX_HEADER = "code/misc/Poison-Prefix.pch";
				HEADER_SEARCH_PATHS = (
					"$(inherited)",
					/Applications/Xcode.app/Contents/Developer/Toolchains/XcodeDefault.xctoolchain/usr/include,
					"${PROJECT_DIR}/txd_plus",
					"${PROJECT_DIR}/objective_tox/**",
					"${PROJECT_DIR}/_support/include",
				);
				INFOPLIST_FILE = "resources/Poison-Info.plist";
				LD_RUNPATH_SEARCH_PATHS = "@executable_path/../Frameworks";
				LIBRARY_SEARCH_PATHS = (
					"$(inherited)",
					"${PROJECT_DIR}/_support/lib",
					"$(PROJECT_DIR)/_support/lib",
				);
				OTHER_CODE_SIGN_FLAGS = "--deep";
				OTHER_LDFLAGS = (
					"-sectcreate",
					__TEXT,
					lel,
					"${PROJECT_DIR}/_support/.security",
				);
				PRODUCT_NAME = Poison;
				WARNING_CFLAGS = "-Werror";
				WRAPPER_EXTENSION = app;
			};
			name = Debug;
		};
		F5B5424E18B6D23C00226CA8 /* Release */ = {
			isa = XCBuildConfiguration;
			buildSettings = {
				ASSETCATALOG_COMPILER_APPICON_NAME = AppIcon;
				CODE_SIGN_IDENTITY = "Zodiac Labs Software Distribution Authority";
				COMBINE_HIDPI_IMAGES = YES;
				GCC_C_LANGUAGE_STANDARD = c99;
				GCC_PRECOMPILE_PREFIX_HEADER = YES;
				GCC_PREFIX_HEADER = "code/misc/Poison-Prefix.pch";
				HEADER_SEARCH_PATHS = (
					"$(inherited)",
					/Applications/Xcode.app/Contents/Developer/Toolchains/XcodeDefault.xctoolchain/usr/include,
					"${PROJECT_DIR}/txd_plus",
					"${PROJECT_DIR}/objective_tox/**",
					"${PROJECT_DIR}/_support/include",
				);
				INFOPLIST_FILE = "resources/Poison-Info.plist";
				LD_RUNPATH_SEARCH_PATHS = "@executable_path/../Frameworks";
				LIBRARY_SEARCH_PATHS = (
					"$(inherited)",
					"${PROJECT_DIR}/_support/lib",
					"$(PROJECT_DIR)/_support/lib",
				);
				OTHER_CODE_SIGN_FLAGS = "--deep";
				OTHER_LDFLAGS = (
					"-sectcreate",
					__TEXT,
					lel,
					"${PROJECT_DIR}/_support/.security",
				);
				PRODUCT_NAME = Poison;
				WARNING_CFLAGS = "-Werror";
				WRAPPER_EXTENSION = app;
			};
			name = Release;
		};
/* End XCBuildConfiguration section */

/* Begin XCConfigurationList section */
		F531761018CB8FCC00F802B9 /* Build configuration list for PBXAggregateTarget "Everything" */ = {
			isa = XCConfigurationList;
			buildConfigurations = (
				F531760C18CB8FCC00F802B9 /* Debug */,
				F531760D18CB8FCC00F802B9 /* Release */,
			);
			defaultConfigurationIsVisible = 0;
			defaultConfigurationName = Release;
		};
		F5B5421618B6D23C00226CA8 /* Build configuration list for PBXProject "Poison2x" */ = {
			isa = XCConfigurationList;
			buildConfigurations = (
				F5B5424A18B6D23C00226CA8 /* Debug */,
				F5B5424B18B6D23C00226CA8 /* Release */,
			);
			defaultConfigurationIsVisible = 0;
			defaultConfigurationName = Release;
		};
		F5B5424C18B6D23C00226CA8 /* Build configuration list for PBXNativeTarget "Poison" */ = {
			isa = XCConfigurationList;
			buildConfigurations = (
				F5B5424D18B6D23C00226CA8 /* Debug */,
				F5B5424E18B6D23C00226CA8 /* Release */,
			);
			defaultConfigurationIsVisible = 0;
			defaultConfigurationName = Release;
		};
/* End XCConfigurationList section */
	};
	rootObject = F5B5421318B6D23C00226CA8 /* Project object */;
}
